# THIS IS AN AUTOGENERATED FILE. DO NOT EDIT THIS FILE DIRECTLY.
# yarn lockfile v1


"@tencent/types-hippy-react@^1.0.20":
  version "1.0.20"
  resolved "http://r.tnpm.oa.com/@tencent/types-hippy-react/download/@tencent/types-hippy-react-1.0.20.tgz#77f0c3f79f884258b4ed1a166616bc9fff492945"
  integrity sha1-d/DD95+IQli07RoWZha8n/9JKUU=
  dependencies:
    "@types/react" "^16.8.23"

"@types/prop-types@*":
  version "15.7.3"
  resolved "http://r.tnpm.oa.com/@types/prop-types/download/@types/prop-types-15.7.3.tgz#2ab0d5da2e5815f94b0b9d4b95d1e5f243ab2ca7"
  integrity sha1-KrDV2i5YFflLC51LldHl8kOrLKc=

"@types/react-dom@^16.9.8":
  version "16.9.8"
  resolved "http://r.tnpm.oa.com/@types/react-dom/download/@types/react-dom-16.9.8.tgz#fe4c1e11dfc67155733dfa6aa65108b4971cb423"
  integrity sha1-/kweEd/GcVVzPfpqplEItJcctCM=
  dependencies:
    "@types/react" "*"

"@types/react@*", "@types/react@^16.8.23", "@types/react@^16.9.41":
  version "16.9.41"
  resolved "http://r.tnpm.oa.com/@types/react/download/@types/react-16.9.41.tgz#925137ee4d2ff406a0ecf29e8e9237390844002e"
  integrity sha1-klE37k0v9Aag7PKejpI3OQhEAC4=
  dependencies:
    "@types/prop-types" "*"
    csstype "^2.2.0"

csstype@^2.2.0:
  version "2.6.11"
  resolved "http://r.tnpm.oa.com/csstype/download/csstype-2.6.11.tgz#452f4d024149ecf260a852b025e36562a253ffc5"
  integrity sha1-RS9NAkFJ7PJgqFKwJeNlYqJT/8U=
